# This file is automatically @generated by Cargo.
# It is not intended for manual editing.
version = 4

[[package]]
name = "ax-core"
version = "1.0.0"

[[package]]
name = "ax-ffi"
version = "1.0.0"

[[package]]
name = "ax-math"
version = "1.0.0"
dependencies = [
 "glam",
]

[[package]]
name = "ax-mem"
version = "1.0.0"

[[package]]
name = "glam"
version = "0.33.7"
source = "registry+https://github.com/rust-lang/crates.io-index"
checksum = "e762b9b188634fc508d4ec54b62ea3d352c43fd431d18d05d46f559f217f4725"
